
Microsoft Visual Studio Solution File, Format Version 12.00
# Visual Studio Version 16
VisualStudioVersion = 16.0.31129.286
MinimumVisualStudioVersion = 10.0.40219.1
Project("{FAE04EC0-301F-11D3-BF4B-00C04F79EFBC}") = "HouseDoor", "HouseDoor\HouseDoor.csproj", "{A827B0E6-2AB2-4FCF-9F44-FB289B1923D4}"
EndProject
Global
	GlobalSection(SolutionConfigurationPlatforms) = preSolution
		Debug|Any CPU = Debug|Any CPU
		Release|Any CPU = Release|Any CPU
	EndGlobalSection
	GlobalSection(ProjectConfigurationPlatforms) = postSolution
		{A827B0E6-2AB2-4FCF-9F44-FB289B1923D4}.Debug|Any CPU.ActiveCfg = Debug|Any CPU
		{A827B0E6-2AB2-4FCF-9F44-FB289B1923D4}.Debug|Any CPU.Build.0 = Debug|Any CPU
		{A827B0E6-2AB2-4FCF-9F44-FB289B1923D4}.Release|Any CPU.ActiveCfg = Release|Any CPU
		{A827B0E6-2AB2-4FCF-9F44-FB289B1923D4}.Release|Any CPU.Build.0 = Release|Any CPU
	EndGlobalSection
	GlobalSection(SolutionProperties) = preSolution
		HideSolutionNode = FALSE
	EndGlobalSection
	GlobalSection(ExtensibilityGlobals) = postSolution
		SolutionGuid = {2D5F75A3-0ABB-4187-BFB0-549B7ED7F681}
	EndGlobalSection
EndGlobal
